// !$*UTF8*$!
{
	archiveVersion = 1;
	classes = {
	};
	objectVersion = 46;
	objects = {

/* Begin PBXBuildFile section */
		283C5A121B01902B0018F80B /* OptionPublic.m in Sources */ = {isa = PBXBuildFile; fileRef = 283C5A111B01902B0018F80B /* OptionPublic.m */; };
		283C5A2A1B01AABB0018F80B /* UIImage+Blur.m in Sources */ = {isa = PBXBuildFile; fileRef = 283C5A241B01AABB0018F80B /* UIImage+Blur.m */; };
		283C5A2B1B01AABB0018F80B /* UIImage+ImageWithColor.m in Sources */ = {isa = PBXBuildFile; fileRef = 283C5A261B01AABB0018F80B /* UIImage+ImageWithColor.m */; };
		283C5A2C1B01AABB0018F80B /* UIImage+Screenshot.m in Sources */ = {isa = PBXBuildFile; fileRef = 283C5A281B01AABB0018F80B /* UIImage+Screenshot.m */; };
		283C5A2F1B01AAF10018F80B /* MessageViewController.m in Sources */ = {isa = PBXBuildFile; fileRef = 283C5A2E1B01AAF10018F80B /* MessageViewController.m */; };
		283C5A351B01AB260018F80B /* TheWorldViewController.m in Sources */ = {isa = PBXBuildFile; fileRef = 283C5A341B01AB260018F80B /* TheWorldViewController.m */; };
		283C5A381B01AB560018F80B /* FriendListViewController.m in Sources */ = {isa = PBXBuildFile; fileRef = 283C5A371B01AB560018F80B /* FriendListViewController.m */; };
		283C5A3B1B01AB6F0018F80B /* PropViewController.m in Sources */ = {isa = PBXBuildFile; fileRef = 283C5A3A1B01AB6F0018F80B /* PropViewController.m */; };
		283C5A3E1B01AB870018F80B /* PollenViewController.m in Sources */ = {isa = PBXBuildFile; fileRef = 283C5A3D1B01AB870018F80B /* PollenViewController.m */; };
		283C5A411B01B1FF0018F80B /* AIMTableViewIndexBar.m in Sources */ = {isa = PBXBuildFile; fileRef = 283C5A401B01B1FF0018F80B /* AIMTableViewIndexBar.m */; };
		283C5A471B01CB610018F80B /* FriendListTableViewCell.xib in Resources */ = {isa = PBXBuildFile; fileRef = 283C5A451B01CB610018F80B /* FriendListTableViewCell.xib */; };
		283C5A4A1B01D1F70018F80B /* IMGActivityIndicator.m in Sources */ = {isa = PBXBuildFile; fileRef = 283C5A491B01D1F70018F80B /* IMGActivityIndicator.m */; };
		283C5A581B01F2E00018F80B /* ChineseString.m in Sources */ = {isa = PBXBuildFile; fileRef = 283C5A571B01F2E00018F80B /* ChineseString.m */; };
		283C5A5B1B01F9D70018F80B /* pinyin.c in Sources */ = {isa = PBXBuildFile; fileRef = 283C5A591B01F9D70018F80B /* pinyin.c */; };
		284F973B1AFF3AF4000843F6 /* Lantinghei.ttc in Resources */ = {isa = PBXBuildFile; fileRef = 284F96DA1AFF3AF3000843F6 /* Lantinghei.ttc */; };
		284F97721AFF3AF4000843F6 /* ZWIntroductionViewController.m in Sources */ = {isa = PBXBuildFile; fileRef = 284F973A1AFF3AF4000843F6 /* ZWIntroductionViewController.m */; };
		284F97881AFF3CB5000843F6 /* ChangePasswordViewController.m in Sources */ = {isa = PBXBuildFile; fileRef = 284F97831AFF3CB5000843F6 /* ChangePasswordViewController.m */; };
		284F97891AFF3CB5000843F6 /* SignInViewController.m in Sources */ = {isa = PBXBuildFile; fileRef = 284F97851AFF3CB5000843F6 /* SignInViewController.m */; };
		284F978A1AFF3CB5000843F6 /* SignUpViewController.m in Sources */ = {isa = PBXBuildFile; fileRef = 284F97871AFF3CB5000843F6 /* SignUpViewController.m */; };
		284F97A01AFF4844000843F6 /* QuartzCore.framework in Frameworks */ = {isa = PBXBuildFile; fileRef = 284F978C1AFF4187000843F6 /* QuartzCore.framework */; };
		284F97A11AFF484C000843F6 /* ImageIO.framework in Frameworks */ = {isa = PBXBuildFile; fileRef = 284F978E1AFF4190000843F6 /* ImageIO.framework */; };
		284F97A21AFF4855000843F6 /* SystemConfiguration.framework in Frameworks */ = {isa = PBXBuildFile; fileRef = 284F97901AFF4199000843F6 /* SystemConfiguration.framework */; };
		284F97A31AFF485D000843F6 /* Security.framework in Frameworks */ = {isa = PBXBuildFile; fileRef = 284F97921AFF41A0000843F6 /* Security.framework */; };
		284F97A41AFF4863000843F6 /* UIKit.framework in Frameworks */ = {isa = PBXBuildFile; fileRef = 284F97981AFF41C0000843F6 /* UIKit.framework */; };
		284F97A51AFF486A000843F6 /* Foundation.framework in Frameworks */ = {isa = PBXBuildFile; fileRef = 284F979A1AFF41C8000843F6 /* Foundation.framework */; };
		284F97A61AFF4873000843F6 /* CoreGraphics.framework in Frameworks */ = {isa = PBXBuildFile; fileRef = 284F979C1AFF41D1000843F6 /* CoreGraphics.framework */; };
		286CE33B1B006A8100ACD24D /* libWeiboSDK.a in Frameworks */ = {isa = PBXBuildFile; fileRef = 286CE3301B006A8100ACD24D /* libWeiboSDK.a */; };
		286CE33C1B006A8100ACD24D /* WeiboSDK.bundle in Resources */ = {isa = PBXBuildFile; fileRef = 286CE3381B006A8100ACD24D /* WeiboSDK.bundle */; };
		286CE3461B0092C000ACD24D /* JKRootViewController.m in Sources */ = {isa = PBXBuildFile; fileRef = 286CE3451B0092C000ACD24D /* JKRootViewController.m */; };
		2893C17C1AFB157D008E5934 /* main.m in Sources */ = {isa = PBXBuildFile; fileRef = 2893C17B1AFB157D008E5934 /* main.m */; };
		2893C17F1AFB157D008E5934 /* AppDelegate.m in Sources */ = {isa = PBXBuildFile; fileRef = 2893C17E1AFB157D008E5934 /* AppDelegate.m */; };
		2893C1821AFB157D008E5934 /* ViewController.m in Sources */ = {isa = PBXBuildFile; fileRef = 2893C1811AFB157D008E5934 /* ViewController.m */; };
		2893C1851AFB157D008E5934 /* Main.storyboard in Resources */ = {isa = PBXBuildFile; fileRef = 2893C1831AFB157D008E5934 /* Main.storyboard */; };
		2893C1871AFB157D008E5934 /* Images.xcassets in Resources */ = {isa = PBXBuildFile; fileRef = 2893C1861AFB157D008E5934 /* Images.xcassets */; };
		2893C18A1AFB157D008E5934 /* LaunchScreen.xib in Resources */ = {isa = PBXBuildFile; fileRef = 2893C1881AFB157D008E5934 /* LaunchScreen.xib */; };
		2893C1961AFB157D008E5934 /* SeedTests.m in Sources */ = {isa = PBXBuildFile; fileRef = 2893C1951AFB157D008E5934 /* SeedTests.m */; };
		9691F217592B0696E7861729 /* libPods.a in Frameworks */ = {isa = PBXBuildFile; fileRef = C6C972ACF5A8F44C230DE5A3 /* libPods.a */; };
/* End PBXBuildFile section */

/* Begin PBXContainerItemProxy section */
		2893C1901AFB157D008E5934 /* PBXContainerItemProxy */ = {
			isa = PBXContainerItemProxy;
			containerPortal = 2893C16E1AFB157D008E5934 /* Project object */;
			proxyType = 1;
			remoteGlobalIDString = 2893C1751AFB157D008E5934;
			remoteInfo = Seed;
		};
/* End PBXContainerItemProxy section */

/* Begin PBXFileReference section */
		283C5A101B01902B0018F80B /* OptionPublic.h */ = {isa = PBXFileReference; fileEncoding = 4; lastKnownFileType = sourcecode.c.h; name = OptionPublic.h; path = Library/OptionPublic.h; sourceTree = "<group>"; };
		283C5A111B01902B0018F80B /* OptionPublic.m */ = {isa = PBXFileReference; fileEncoding = 4; lastKnownFileType = sourcecode.c.objc; name = OptionPublic.m; path = Library/OptionPublic.m; sourceTree = "<group>"; };
		283C5A231B01AABB0018F80B /* UIImage+Blur.h */ = {isa = PBXFileReference; fileEncoding = 4; lastKnownFileType = sourcecode.c.h; path = "UIImage+Blur.h"; sourceTree = "<group>"; };
		283C5A241B01AABB0018F80B /* UIImage+Blur.m */ = {isa = PBXFileReference; fileEncoding = 4; lastKnownFileType = sourcecode.c.objc; path = "UIImage+Blur.m"; sourceTree = "<group>"; };
		283C5A251B01AABB0018F80B /* UIImage+ImageWithColor.h */ = {isa = PBXFileReference; fileEncoding = 4; lastKnownFileType = sourcecode.c.h; path = "UIImage+ImageWithColor.h"; sourceTree = "<group>"; };
		283C5A261B01AABB0018F80B /* UIImage+ImageWithColor.m */ = {isa = PBXFileReference; fileEncoding = 4; lastKnownFileType = sourcecode.c.objc; path = "UIImage+ImageWithColor.m"; sourceTree = "<group>"; };
		283C5A271B01AABB0018F80B /* UIImage+Screenshot.h */ = {isa = PBXFileReference; fileEncoding = 4; lastKnownFileType = sourcecode.c.h; path = "UIImage+Screenshot.h"; sourceTree = "<group>"; };
		283C5A281B01AABB0018F80B /* UIImage+Screenshot.m */ = {isa = PBXFileReference; fileEncoding = 4; lastKnownFileType = sourcecode.c.objc; path = "UIImage+Screenshot.m"; sourceTree = "<group>"; };
		283C5A291B01AABB0018F80B /* UIImage-Helpers.h */ = {isa = PBXFileReference; fileEncoding = 4; lastKnownFileType = sourcecode.c.h; path = "UIImage-Helpers.h"; sourceTree = "<group>"; };
		283C5A2D1B01AAF10018F80B /* MessageViewController.h */ = {isa = PBXFileReference; fileEncoding = 4; lastKnownFileType = sourcecode.c.h; name = MessageViewController.h; path = Main/MessageViewController.h; sourceTree = "<group>"; };
		283C5A2E1B01AAF10018F80B /* MessageViewController.m */ = {isa = PBXFileReference; fileEncoding = 4; lastKnownFileType = sourcecode.c.objc; name = MessageViewController.m; path = Main/MessageViewController.m; sourceTree = "<group>"; };
		283C5A331B01AB260018F80B /* TheWorldViewController.h */ = {isa = PBXFileReference; fileEncoding = 4; lastKnownFileType = sourcecode.c.h; name = TheWorldViewController.h; path = Main/TheWorldViewController.h; sourceTree = "<group>"; };
		283C5A341B01AB260018F80B /* TheWorldViewController.m */ = {isa = PBXFileReference; fileEncoding = 4; lastKnownFileType = sourcecode.c.objc; name = TheWorldViewController.m; path = Main/TheWorldViewController.m; sourceTree = "<group>"; };
		283C5A361B01AB560018F80B /* FriendListViewController.h */ = {isa = PBXFileReference; fileEncoding = 4; lastKnownFileType = sourcecode.c.h; name = FriendListViewController.h; path = Main/FriendListViewController.h; sourceTree = "<group>"; };
		283C5A371B01AB560018F80B /* FriendListViewController.m */ = {isa = PBXFileReference; fileEncoding = 4; lastKnownFileType = sourcecode.c.objc; name = FriendListViewController.m; path = Main/FriendListViewController.m; sourceTree = "<group>"; };
		283C5A391B01AB6F0018F80B /* PropViewController.h */ = {isa = PBXFileReference; fileEncoding = 4; lastKnownFileType = sourcecode.c.h; name = PropViewController.h; path = Main/PropViewController.h; sourceTree = "<group>"; };
		283C5A3A1B01AB6F0018F80B /* PropViewController.m */ = {isa = PBXFileReference; fileEncoding = 4; lastKnownFileType = sourcecode.c.objc; name = PropViewController.m; path = Main/PropViewController.m; sourceTree = "<group>"; };
		283C5A3C1B01AB870018F80B /* PollenViewController.h */ = {isa = PBXFileReference; fileEncoding = 4; lastKnownFileType = sourcecode.c.h; name = PollenViewController.h; path = Main/PollenViewController.h; sourceTree = "<group>"; };
		283C5A3D1B01AB870018F80B /* PollenViewController.m */ = {isa = PBXFileReference; fileEncoding = 4; lastKnownFileType = sourcecode.c.objc; name = PollenViewController.m; path = Main/PollenViewController.m; sourceTree = "<group>"; };
		283C5A3F1B01B1FF0018F80B /* AIMTableViewIndexBar.h */ = {isa = PBXFileReference; fileEncoding = 4; lastKnownFileType = sourcecode.c.h; name = AIMTableViewIndexBar.h; path = Library/AIMTableViewIndexBar.h; sourceTree = "<group>"; };
		283C5A401B01B1FF0018F80B /* AIMTableViewIndexBar.m */ = {isa = PBXFileReference; fileEncoding = 4; lastKnownFileType = sourcecode.c.objc; name = AIMTableViewIndexBar.m; path = Library/AIMTableViewIndexBar.m; sourceTree = "<group>"; };
		283C5A451B01CB610018F80B /* FriendListTableViewCell.xib */ = {isa = PBXFileReference; fileEncoding = 4; lastKnownFileType = file.xib; name = FriendListTableViewCell.xib; path = Main/FriendListTableViewCell.xib; sourceTree = "<group>"; };
		283C5A481B01D1F70018F80B /* IMGActivityIndicator.h */ = {isa = PBXFileReference; fileEncoding = 4; lastKnownFileType = sourcecode.c.h; name = IMGActivityIndicator.h; path = Library/libWeiboSDK/IMGActivityIndicator.h; sourceTree = "<group>"; };
		283C5A491B01D1F70018F80B /* IMGActivityIndicator.m */ = {isa = PBXFileReference; fileEncoding = 4; lastKnownFileType = sourcecode.c.objc; name = IMGActivityIndicator.m; path = Library/libWeiboSDK/IMGActivityIndicator.m; sourceTree = "<group>"; };
		283C5A561B01F2E00018F80B /* ChineseString.h */ = {isa = PBXFileReference; fileEncoding = 4; lastKnownFileType = sourcecode.c.h; path = ChineseString.h; sourceTree = "<group>"; };
		283C5A571B01F2E00018F80B /* ChineseString.m */ = {isa = PBXFileReference; fileEncoding = 4; lastKnownFileType = sourcecode.c.objc; path = ChineseString.m; sourceTree = "<group>"; };
		283C5A591B01F9D70018F80B /* pinyin.c */ = {isa = PBXFileReference; fileEncoding = 4; lastKnownFileType = sourcecode.c.c; name = pinyin.c; path = Library/pinyin.c; sourceTree = "<group>"; };
		283C5A5A1B01F9D70018F80B /* pinyin.h */ = {isa = PBXFileReference; fileEncoding = 4; lastKnownFileType = sourcecode.c.h; name = pinyin.h; path = Library/pinyin.h; sourceTree = "<group>"; };
		284F96DA1AFF3AF3000843F6 /* Lantinghei.ttc */ = {isa = PBXFileReference; lastKnownFileType = file; name = Lantinghei.ttc; path = Library/Lantinghei.ttc; sourceTree = "<group>"; };
		284F97391AFF3AF4000843F6 /* ZWIntroductionViewController.h */ = {isa = PBXFileReference; fileEncoding = 4; lastKnownFileType = sourcecode.c.h; name = ZWIntroductionViewController.h; path = Library/ZWIntroductionViewController.h; sourceTree = "<group>"; };
		284F973A1AFF3AF4000843F6 /* ZWIntroductionViewController.m */ = {isa = PBXFileReference; fileEncoding = 4; lastKnownFileType = sourcecode.c.objc; name = ZWIntroductionViewController.m; path = Library/ZWIntroductionViewController.m; sourceTree = "<group>"; };
		284F97821AFF3CB5000843F6 /* ChangePasswordViewController.h */ = {isa = PBXFileReference; fileEncoding = 4; lastKnownFileType = sourcecode.c.h; name = ChangePasswordViewController.h; path = SSO/Controller/SSO/ChangePasswordViewController.h; sourceTree = "<group>"; };
		284F97831AFF3CB5000843F6 /* ChangePasswordViewController.m */ = {isa = PBXFileReference; fileEncoding = 4; lastKnownFileType = sourcecode.c.objc; name = ChangePasswordViewController.m; path = SSO/Controller/SSO/ChangePasswordViewController.m; sourceTree = "<group>"; };
		284F97841AFF3CB5000843F6 /* SignInViewController.h */ = {isa = PBXFileReference; fileEncoding = 4; lastKnownFileType = sourcecode.c.h; name = SignInViewController.h; path = SSO/Controller/SSO/SignInViewController.h; sourceTree = "<group>"; };
		284F97851AFF3CB5000843F6 /* SignInViewController.m */ = {isa = PBXFileReference; fileEncoding = 4; lastKnownFileType = sourcecode.c.objc; name = SignInViewController.m; path = SSO/Controller/SSO/SignInViewController.m; sourceTree = "<group>"; };
		284F97861AFF3CB5000843F6 /* SignUpViewController.h */ = {isa = PBXFileReference; fileEncoding = 4; lastKnownFileType = sourcecode.c.h; name = SignUpViewController.h; path = SSO/Controller/SSO/SignUpViewController.h; sourceTree = "<group>"; };
		284F97871AFF3CB5000843F6 /* SignUpViewController.m */ = {isa = PBXFileReference; fileEncoding = 4; lastKnownFileType = sourcecode.c.objc; name = SignUpViewController.m; path = SSO/Controller/SSO/SignUpViewController.m; sourceTree = "<group>"; };
		284F978C1AFF4187000843F6 /* QuartzCore.framework */ = {isa = PBXFileReference; lastKnownFileType = wrapper.framework; name = QuartzCore.framework; path = System/Library/Frameworks/QuartzCore.framework; sourceTree = SDKROOT; };
		284F978E1AFF4190000843F6 /* ImageIO.framework */ = {isa = PBXFileReference; lastKnownFileType = wrapper.framework; name = ImageIO.framework; path = System/Library/Frameworks/ImageIO.framework; sourceTree = SDKROOT; };
		284F97901AFF4199000843F6 /* SystemConfiguration.framework */ = {isa = PBXFileReference; lastKnownFileType = wrapper.framework; name = SystemConfiguration.framework; path = System/Library/Frameworks/SystemConfiguration.framework; sourceTree = SDKROOT; };
		284F97921AFF41A0000843F6 /* Security.framework */ = {isa = PBXFileReference; lastKnownFileType = wrapper.framework; name = Security.framework; path = System/Library/Frameworks/Security.framework; sourceTree = SDKROOT; };
		284F97941AFF41AE000843F6 /* CoreTelephony.framework */ = {isa = PBXFileReference; lastKnownFileType = wrapper.framework; name = CoreTelephony.framework; path = System/Library/Frameworks/CoreTelephony.framework; sourceTree = SDKROOT; };
		284F97961AFF41B7000843F6 /* CoreText.framework */ = {isa = PBXFileReference; lastKnownFileType = wrapper.framework; name = CoreText.framework; path = System/Library/Frameworks/CoreText.framework; sourceTree = SDKROOT; };
		284F97981AFF41C0000843F6 /* UIKit.framework */ = {isa = PBXFileReference; lastKnownFileType = wrapper.framework; name = UIKit.framework; path = System/Library/Frameworks/UIKit.framework; sourceTree = SDKROOT; };
		284F979A1AFF41C8000843F6 /* Foundation.framework */ = {isa = PBXFileReference; lastKnownFileType = wrapper.framework; name = Foundation.framework; path = System/Library/Frameworks/Foundation.framework; sourceTree = SDKROOT; };
		284F979C1AFF41D1000843F6 /* CoreGraphics.framework */ = {isa = PBXFileReference; lastKnownFileType = wrapper.framework; name = CoreGraphics.framework; path = System/Library/Frameworks/CoreGraphics.framework; sourceTree = SDKROOT; };
		286CE32E1B00689600ACD24D /* Seed-Prefix.pch */ = {isa = PBXFileReference; lastKnownFileType = sourcecode.c.h; path = "Seed-Prefix.pch"; sourceTree = "<group>"; };
		286CE3301B006A8100ACD24D /* libWeiboSDK.a */ = {isa = PBXFileReference; lastKnownFileType = archive.ar; path = libWeiboSDK.a; sourceTree = "<group>"; };
		286CE3311B006A8100ACD24D /* WBHttpRequest+WeiboShare.h */ = {isa = PBXFileReference; fileEncoding = 4; lastKnownFileType = sourcecode.c.h; path = "WBHttpRequest+WeiboShare.h"; sourceTree = "<group>"; };
		286CE3321B006A8100ACD24D /* WBHttpRequest+WeiboToken.h */ = {isa = PBXFileReference; fileEncoding = 4; lastKnownFileType = sourcecode.c.h; path = "WBHttpRequest+WeiboToken.h"; sourceTree = "<group>"; };
		286CE3331B006A8100ACD24D /* WBHttpRequest+WeiboUser.h */ = {isa = PBXFileReference; fileEncoding = 4; lastKnownFileType = sourcecode.c.h; path = "WBHttpRequest+WeiboUser.h"; sourceTree = "<group>"; };
		286CE3341B006A8100ACD24D /* WBHttpRequest.h */ = {isa = PBXFileReference; fileEncoding = 4; lastKnownFileType = sourcecode.c.h; path = WBHttpRequest.h; sourceTree = "<group>"; };
		286CE3351B006A8100ACD24D /* WBSDKBasicButton.h */ = {isa = PBXFileReference; fileEncoding = 4; lastKnownFileType = sourcecode.c.h; path = WBSDKBasicButton.h; sourceTree = "<group>"; };
		286CE3361B006A8100ACD24D /* WBSDKCommentButton.h */ = {isa = PBXFileReference; fileEncoding = 4; lastKnownFileType = sourcecode.c.h; path = WBSDKCommentButton.h; sourceTree = "<group>"; };
		286CE3371B006A8100ACD24D /* WBSDKRelationshipButton.h */ = {isa = PBXFileReference; fileEncoding = 4; lastKnownFileType = sourcecode.c.h; path = WBSDKRelationshipButton.h; sourceTree = "<group>"; };
		286CE3381B006A8100ACD24D /* WeiboSDK.bundle */ = {isa = PBXFileReference; lastKnownFileType = "wrapper.plug-in"; path = WeiboSDK.bundle; sourceTree = "<group>"; };
		286CE3391B006A8100ACD24D /* WeiboSDK.h */ = {isa = PBXFileReference; fileEncoding = 4; lastKnownFileType = sourcecode.c.h; path = WeiboSDK.h; sourceTree = "<group>"; };
		286CE33A1B006A8100ACD24D /* WeiboUser.h */ = {isa = PBXFileReference; fileEncoding = 4; lastKnownFileType = sourcecode.c.h; path = WeiboUser.h; sourceTree = "<group>"; };
		286CE3441B0092C000ACD24D /* JKRootViewController.h */ = {isa = PBXFileReference; fileEncoding = 4; lastKnownFileType = sourcecode.c.h; path = JKRootViewController.h; sourceTree = "<group>"; };
		286CE3451B0092C000ACD24D /* JKRootViewController.m */ = {isa = PBXFileReference; fileEncoding = 4; lastKnownFileType = sourcecode.c.objc; path = JKRootViewController.m; sourceTree = "<group>"; };
		2893C1761AFB157D008E5934 /* Seed.app */ = {isa = PBXFileReference; explicitFileType = wrapper.application; includeInIndex = 0; path = Seed.app; sourceTree = BUILT_PRODUCTS_DIR; };
		2893C17A1AFB157D008E5934 /* Info.plist */ = {isa = PBXFileReference; lastKnownFileType = text.plist.xml; path = Info.plist; sourceTree = "<group>"; };
		2893C17B1AFB157D008E5934 /* main.m */ = {isa = PBXFileReference; lastKnownFileType = sourcecode.c.objc; path = main.m; sourceTree = "<group>"; };
		2893C17D1AFB157D008E5934 /* AppDelegate.h */ = {isa = PBXFileReference; lastKnownFileType = sourcecode.c.h; path = AppDelegate.h; sourceTree = "<group>"; };
		2893C17E1AFB157D008E5934 /* AppDelegate.m */ = {isa = PBXFileReference; lastKnownFileType = sourcecode.c.objc; path = AppDelegate.m; sourceTree = "<group>"; };
		2893C1801AFB157D008E5934 /* ViewController.h */ = {isa = PBXFileReference; lastKnownFileType = sourcecode.c.h; path = ViewController.h; sourceTree = "<group>"; };
		2893C1811AFB157D008E5934 /* ViewController.m */ = {isa = PBXFileReference; lastKnownFileType = sourcecode.c.objc; path = ViewController.m; sourceTree = "<group>"; };
		2893C1841AFB157D008E5934 /* Base */ = {isa = PBXFileReference; lastKnownFileType = file.storyboard; name = Base; path = Base.lproj/Main.storyboard; sourceTree = "<group>"; };
		2893C1861AFB157D008E5934 /* Images.xcassets */ = {isa = PBXFileReference; lastKnownFileType = folder.assetcatalog; path = Images.xcassets; sourceTree = "<group>"; };
		2893C1891AFB157D008E5934 /* Base */ = {isa = PBXFileReference; lastKnownFileType = file.xib; name = Base; path = Base.lproj/LaunchScreen.xib; sourceTree = "<group>"; };
		2893C18F1AFB157D008E5934 /* SeedTests.xctest */ = {isa = PBXFileReference; explicitFileType = wrapper.cfbundle; includeInIndex = 0; path = SeedTests.xctest; sourceTree = BUILT_PRODUCTS_DIR; };
		2893C1941AFB157D008E5934 /* Info.plist */ = {isa = PBXFileReference; lastKnownFileType = text.plist.xml; path = Info.plist; sourceTree = "<group>"; };
		2893C1951AFB157D008E5934 /* SeedTests.m */ = {isa = PBXFileReference; lastKnownFileType = sourcecode.c.objc; path = SeedTests.m; sourceTree = "<group>"; };
		3EEB634A79FBD2A3F93C38FA /* Pods.release.xcconfig */ = {isa = PBXFileReference; includeInIndex = 1; lastKnownFileType = text.xcconfig; name = Pods.release.xcconfig; path = "Pods/Target Support Files/Pods/Pods.release.xcconfig"; sourceTree = "<group>"; };
		3FB4535B1BE85CC6D11B3AF1 /* Pods.debug.xcconfig */ = {isa = PBXFileReference; includeInIndex = 1; lastKnownFileType = text.xcconfig; name = Pods.debug.xcconfig; path = "Pods/Target Support Files/Pods/Pods.debug.xcconfig"; sourceTree = "<group>"; };
		C6C972ACF5A8F44C230DE5A3 /* libPods.a */ = {isa = PBXFileReference; explicitFileType = archive.ar; includeInIndex = 0; path = libPods.a; sourceTree = BUILT_PRODUCTS_DIR; };
/* End PBXFileReference section */

/* Begin PBXFrameworksBuildPhase section */
		2893C1731AFB157D008E5934 /* Frameworks */ = {
			isa = PBXFrameworksBuildPhase;
			buildActionMask = 2147483647;
			files = (
				284F97A61AFF4873000843F6 /* CoreGraphics.framework in Frameworks */,
				284F97A51AFF486A000843F6 /* Foundation.framework in Frameworks */,
				284F97A41AFF4863000843F6 /* UIKit.framework in Frameworks */,
				284F97A31AFF485D000843F6 /* Security.framework in Frameworks */,
				284F97A21AFF4855000843F6 /* SystemConfiguration.framework in Frameworks */,
				286CE33B1B006A8100ACD24D /* libWeiboSDK.a in Frameworks */,
				284F97A11AFF484C000843F6 /* ImageIO.framework in Frameworks */,
				284F97A01AFF4844000843F6 /* QuartzCore.framework in Frameworks */,
				9691F217592B0696E7861729 /* libPods.a in Frameworks */,
			);
			runOnlyForDeploymentPostprocessing = 0;
		};
		2893C18C1AFB157D008E5934 /* Frameworks */ = {
			isa = PBXFrameworksBuildPhase;
			buildActionMask = 2147483647;
			files = (
			);
			runOnlyForDeploymentPostprocessing = 0;
		};
/* End PBXFrameworksBuildPhase section */

/* Begin PBXGroup section */
		283C5A221B01AABB0018F80B /* UIImage-Helpers */ = {
			isa = PBXGroup;
			children = (
				283C5A231B01AABB0018F80B /* UIImage+Blur.h */,
				283C5A241B01AABB0018F80B /* UIImage+Blur.m */,
				283C5A251B01AABB0018F80B /* UIImage+ImageWithColor.h */,
				283C5A261B01AABB0018F80B /* UIImage+ImageWithColor.m */,
				283C5A271B01AABB0018F80B /* UIImage+Screenshot.h */,
				283C5A281B01AABB0018F80B /* UIImage+Screenshot.m */,
				283C5A291B01AABB0018F80B /* UIImage-Helpers.h */,
			);
			name = "UIImage-Helpers";
			path = "Library/UIImage-Helpers";
			sourceTree = "<group>";
		};
		283C5A421B01CAAE0018F80B /* Main */ = {
			isa = PBXGroup;
			children = (
				283C5A361B01AB560018F80B /* FriendListViewController.h */,
				283C5A371B01AB560018F80B /* FriendListViewController.m */,
				283C5A2D1B01AAF10018F80B /* MessageViewController.h */,
				283C5A2E1B01AAF10018F80B /* MessageViewController.m */,
				283C5A331B01AB260018F80B /* TheWorldViewController.h */,
				283C5A341B01AB260018F80B /* TheWorldViewController.m */,
				283C5A391B01AB6F0018F80B /* PropViewController.h */,
				283C5A3A1B01AB6F0018F80B /* PropViewController.m */,
				283C5A3C1B01AB870018F80B /* PollenViewController.h */,
				283C5A3D1B01AB870018F80B /* PollenViewController.m */,
				283C5A451B01CB610018F80B /* FriendListTableViewCell.xib */,
			);
			name = Main;
			sourceTree = "<group>";
		};
		283C5A4B1B01E31E0018F80B /* Main */ = {
			isa = PBXGroup;
			children = (
				283C5A561B01F2E00018F80B /* ChineseString.h */,
				283C5A571B01F2E00018F80B /* ChineseString.m */,
			);
			name = Main;
			sourceTree = "<group>";
		};
		284F977F1AFF3C1E000843F6 /* Model */ = {
			isa = PBXGroup;
			children = (
				283C5A4B1B01E31E0018F80B /* Main */,
			);
			name = Model;
			sourceTree = "<group>";
		};
		284F97801AFF3C36000843F6 /* View */ = {
			isa = PBXGroup;
			children = (
			);
			name = View;
			sourceTree = "<group>";
		};
		284F97811AFF3C3E000843F6 /* Controller */ = {
			isa = PBXGroup;
			children = (
				283C5A421B01CAAE0018F80B /* Main */,
				286CE3441B0092C000ACD24D /* JKRootViewController.h */,
				286CE3451B0092C000ACD24D /* JKRootViewController.m */,
				2893C19F1AFB159F008E5934 /* SSO */,
			);
			name = Controller;
			sourceTree = "<group>";
		};
		286CE32F1B006A8100ACD24D /* libWeiboSDK */ = {
			isa = PBXGroup;
			children = (
				286CE3301B006A8100ACD24D /* libWeiboSDK.a */,
				286CE3311B006A8100ACD24D /* WBHttpRequest+WeiboShare.h */,
				286CE3321B006A8100ACD24D /* WBHttpRequest+WeiboToken.h */,
				286CE3331B006A8100ACD24D /* WBHttpRequest+WeiboUser.h */,
				286CE3341B006A8100ACD24D /* WBHttpRequest.h */,
				286CE3351B006A8100ACD24D /* WBSDKBasicButton.h */,
				286CE3361B006A8100ACD24D /* WBSDKCommentButton.h */,
				286CE3371B006A8100ACD24D /* WBSDKRelationshipButton.h */,
				286CE3381B006A8100ACD24D /* WeiboSDK.bundle */,
				286CE3391B006A8100ACD24D /* WeiboSDK.h */,
				286CE33A1B006A8100ACD24D /* WeiboUser.h */,
			);
			name = libWeiboSDK;
			path = Library/libWeiboSDK;
			sourceTree = "<group>";
		};
		2893C16D1AFB157D008E5934 = {
			isa = PBXGroup;
			children = (
				2893C1781AFB157D008E5934 /* Seed */,
				2893C1921AFB157D008E5934 /* SeedTests */,
				2893C1771AFB157D008E5934 /* Products */,
				70B5D740CDC16B1FE107FA91 /* Pods */,
				D4C2F9AB3D3032E915C6E7AE /* Frameworks */,
			);
			sourceTree = "<group>";
		};
		2893C1771AFB157D008E5934 /* Products */ = {
			isa = PBXGroup;
			children = (
				2893C1761AFB157D008E5934 /* Seed.app */,
				2893C18F1AFB157D008E5934 /* SeedTests.xctest */,
			);
			name = Products;
			sourceTree = "<group>";
		};
		2893C1781AFB157D008E5934 /* Seed */ = {
			isa = PBXGroup;
			children = (
				284F97811AFF3C3E000843F6 /* Controller */,
				284F97801AFF3C36000843F6 /* View */,
				284F977F1AFF3C1E000843F6 /* Model */,
				2893C1AC1AFB3329008E5934 /* Library */,
				2893C17D1AFB157D008E5934 /* AppDelegate.h */,
				2893C17E1AFB157D008E5934 /* AppDelegate.m */,
				2893C1801AFB157D008E5934 /* ViewController.h */,
				2893C1811AFB157D008E5934 /* ViewController.m */,
				2893C1831AFB157D008E5934 /* Main.storyboard */,
				2893C1861AFB157D008E5934 /* Images.xcassets */,
				2893C1881AFB157D008E5934 /* LaunchScreen.xib */,
				2893C1791AFB157D008E5934 /* Supporting Files */,
			);
			path = Seed;
			sourceTree = "<group>";
		};
		2893C1791AFB157D008E5934 /* Supporting Files */ = {
			isa = PBXGroup;
			children = (
				2893C17A1AFB157D008E5934 /* Info.plist */,
				2893C17B1AFB157D008E5934 /* main.m */,
				286CE32E1B00689600ACD24D /* Seed-Prefix.pch */,
			);
			name = "Supporting Files";
			sourceTree = "<group>";
		};
		2893C1921AFB157D008E5934 /* SeedTests */ = {
			isa = PBXGroup;
			children = (
				2893C1951AFB157D008E5934 /* SeedTests.m */,
				2893C1931AFB157D008E5934 /* Supporting Files */,
			);
			path = SeedTests;
			sourceTree = "<group>";
		};
		2893C1931AFB157D008E5934 /* Supporting Files */ = {
			isa = PBXGroup;
			children = (
				2893C1941AFB157D008E5934 /* Info.plist */,
			);
			name = "Supporting Files";
			sourceTree = "<group>";
		};
		2893C19F1AFB159F008E5934 /* SSO */ = {
			isa = PBXGroup;
			children = (
				284F97821AFF3CB5000843F6 /* ChangePasswordViewController.h */,
				284F97831AFF3CB5000843F6 /* ChangePasswordViewController.m */,
				284F97841AFF3CB5000843F6 /* SignInViewController.h */,
				284F97851AFF3CB5000843F6 /* SignInViewController.m */,
				284F97861AFF3CB5000843F6 /* SignUpViewController.h */,
				284F97871AFF3CB5000843F6 /* SignUpViewController.m */,
			);
			name = SSO;
			path = ..;
			sourceTree = "<group>";
		};
		2893C1AC1AFB3329008E5934 /* Library */ = {
			isa = PBXGroup;
			children = (
				283C5A221B01AABB0018F80B /* UIImage-Helpers */,
				286CE32F1B006A8100ACD24D /* libWeiboSDK */,
				284F96DA1AFF3AF3000843F6 /* Lantinghei.ttc */,
				283C5A591B01F9D70018F80B /* pinyin.c */,
				283C5A5A1B01F9D70018F80B /* pinyin.h */,
				283C5A481B01D1F70018F80B /* IMGActivityIndicator.h */,
				283C5A491B01D1F70018F80B /* IMGActivityIndicator.m */,
				283C5A3F1B01B1FF0018F80B /* AIMTableViewIndexBar.h */,
				283C5A401B01B1FF0018F80B /* AIMTableViewIndexBar.m */,
				284F97391AFF3AF4000843F6 /* ZWIntroductionViewController.h */,
				284F973A1AFF3AF4000843F6 /* ZWIntroductionViewController.m */,
				283C5A101B01902B0018F80B /* OptionPublic.h */,
				283C5A111B01902B0018F80B /* OptionPublic.m */,
			);
			name = Library;
			path = ..;
			sourceTree = "<group>";
		};
		70B5D740CDC16B1FE107FA91 /* Pods */ = {
			isa = PBXGroup;
			children = (
				3FB4535B1BE85CC6D11B3AF1 /* Pods.debug.xcconfig */,
				3EEB634A79FBD2A3F93C38FA /* Pods.release.xcconfig */,
			);
			name = Pods;
			sourceTree = "<group>";
		};
		D4C2F9AB3D3032E915C6E7AE /* Frameworks */ = {
			isa = PBXGroup;
			children = (
				284F979C1AFF41D1000843F6 /* CoreGraphics.framework */,
				284F979A1AFF41C8000843F6 /* Foundation.framework */,
				284F97981AFF41C0000843F6 /* UIKit.framework */,
				284F97961AFF41B7000843F6 /* CoreText.framework */,
				284F97941AFF41AE000843F6 /* CoreTelephony.framework */,
				284F97921AFF41A0000843F6 /* Security.framework */,
				284F97901AFF4199000843F6 /* SystemConfiguration.framework */,
				284F978E1AFF4190000843F6 /* ImageIO.framework */,
				284F978C1AFF4187000843F6 /* QuartzCore.framework */,
				C6C972ACF5A8F44C230DE5A3 /* libPods.a */,
			);
			name = Frameworks;
			sourceTree = "<group>";
		};
/* End PBXGroup section */

/* Begin PBXNativeTarget section */
		2893C1751AFB157D008E5934 /* Seed */ = {
			isa = PBXNativeTarget;
			buildConfigurationList = 2893C1991AFB157D008E5934 /* Build configuration list for PBXNativeTarget "Seed" */;
			buildPhases = (
				C1BF43A165731C28D19D1A45 /* Check Pods Manifest.lock */,
				2893C1721AFB157D008E5934 /* Sources */,
				2893C1731AFB157D008E5934 /* Frameworks */,
				2893C1741AFB157D008E5934 /* Resources */,
				7ABEBAA8BE84BEE31A46C30E /* Copy Pods Resources */,
			);
			buildRules = (
			);
			dependencies = (
			);
			name = Seed;
			productName = Seed;
			productReference = 2893C1761AFB157D008E5934 /* Seed.app */;
			productType = "com.apple.product-type.application";
		};
		2893C18E1AFB157D008E5934 /* SeedTests */ = {
			isa = PBXNativeTarget;
			buildConfigurationList = 2893C19C1AFB157D008E5934 /* Build configuration list for PBXNativeTarget "SeedTests" */;
			buildPhases = (
				2893C18B1AFB157D008E5934 /* Sources */,
				2893C18C1AFB157D008E5934 /* Frameworks */,
				2893C18D1AFB157D008E5934 /* Resources */,
			);
			buildRules = (
			);
			dependencies = (
				2893C1911AFB157D008E5934 /* PBXTargetDependency */,
			);
			name = SeedTests;
			productName = SeedTests;
			productReference = 2893C18F1AFB157D008E5934 /* SeedTests.xctest */;
			productType = "com.apple.product-type.bundle.unit-test";
		};
/* End PBXNativeTarget section */

/* Begin PBXProject section */
		2893C16E1AFB157D008E5934 /* Project object */ = {
			isa = PBXProject;
			attributes = {
				LastUpgradeCheck = 0630;
				ORGANIZATIONNAME = "OliHire-JokerV";
				TargetAttributes = {
					2893C1751AFB157D008E5934 = {
						CreatedOnToolsVersion = 6.4;
					};
					2893C18E1AFB157D008E5934 = {
						CreatedOnToolsVersion = 6.4;
						TestTargetID = 2893C1751AFB157D008E5934;
					};
				};
			};
			buildConfigurationList = 2893C1711AFB157D008E5934 /* Build configuration list for PBXProject "Seed" */;
			compatibilityVersion = "Xcode 3.2";
			developmentRegion = English;
			hasScannedForEncodings = 0;
			knownRegions = (
				en,
				Base,
				"zh-Hans",
			);
			mainGroup = 2893C16D1AFB157D008E5934;
			productRefGroup = 2893C1771AFB157D008E5934 /* Products */;
			projectDirPath = "";
			projectRoot = "";
			targets = (
				2893C1751AFB157D008E5934 /* Seed */,
				2893C18E1AFB157D008E5934 /* SeedTests */,
			);
		};
/* End PBXProject section */

/* Begin PBXResourcesBuildPhase section */
		2893C1741AFB157D008E5934 /* Resources */ = {
			isa = PBXResourcesBuildPhase;
			buildActionMask = 2147483647;
			files = (
				2893C1851AFB157D008E5934 /* Main.storyboard in Resources */,
				2893C18A1AFB157D008E5934 /* LaunchScreen.xib in Resources */,
				284F973B1AFF3AF4000843F6 /* Lantinghei.ttc in Resources */,
				2893C1871AFB157D008E5934 /* Images.xcassets in Resources */,
				286CE33C1B006A8100ACD24D /* WeiboSDK.bundle in Resources */,
				283C5A471B01CB610018F80B /* FriendListTableViewCell.xib in Resources */,
			);
			runOnlyForDeploymentPostprocessing = 0;
		};
		2893C18D1AFB157D008E5934 /* Resources */ = {
			isa = PBXResourcesBuildPhase;
			buildActionMask = 2147483647;
			files = (
			);
			runOnlyForDeploymentPostprocessing = 0;
		};
/* End PBXResourcesBuildPhase section */

/* Begin PBXShellScriptBuildPhase section */
		7ABEBAA8BE84BEE31A46C30E /* Copy Pods Resources */ = {
			isa = PBXShellScriptBuildPhase;
			buildActionMask = 2147483647;
			files = (
			);
			inputPaths = (
			);
			name = "Copy Pods Resources";
			outputPaths = (
			);
			runOnlyForDeploymentPostprocessing = 0;
			shellPath = /bin/sh;
			shellScript = "\"${SRCROOT}/Pods/Target Support Files/Pods/Pods-resources.sh\"\n";
			showEnvVarsInLog = 0;
		};
		C1BF43A165731C28D19D1A45 /* Check Pods Manifest.lock */ = {
			isa = PBXShellScriptBuildPhase;
			buildActionMask = 2147483647;
			files = (
			);
			inputPaths = (
			);
			name = "Check Pods Manifest.lock";
			outputPaths = (
			);
			runOnlyForDeploymentPostprocessing = 0;
			shellPath = /bin/sh;
			shellScript = "diff \"${PODS_ROOT}/../Podfile.lock\" \"${PODS_ROOT}/Manifest.lock\" > /dev/null\nif [[ $? != 0 ]] ; then\n    cat << EOM\nerror: The sandbox is not in sync with the Podfile.lock. Run 'pod install' or update your CocoaPods installation.\nEOM\n    exit 1\nfi\n";
			showEnvVarsInLog = 0;
		};
/* End PBXShellScriptBuildPhase section */

/* Begin PBXSourcesBuildPhase section */
		2893C1721AFB157D008E5934 /* Sources */ = {
			isa = PBXSourcesBuildPhase;
			buildActionMask = 2147483647;
			files = (
				283C5A2B1B01AABB0018F80B /* UIImage+ImageWithColor.m in Sources */,
				283C5A2C1B01AABB0018F80B /* UIImage+Screenshot.m in Sources */,
				283C5A2F1B01AAF10018F80B /* MessageViewController.m in Sources */,
				2893C1821AFB157D008E5934 /* ViewController.m in Sources */,
				286CE3461B0092C000ACD24D /* JKRootViewController.m in Sources */,
				283C5A2A1B01AABB0018F80B /* UIImage+Blur.m in Sources */,
				283C5A411B01B1FF0018F80B /* AIMTableViewIndexBar.m in Sources */,
				283C5A381B01AB560018F80B /* FriendListViewController.m in Sources */,
				283C5A4A1B01D1F70018F80B /* IMGActivityIndicator.m in Sources */,
				283C5A3E1B01AB870018F80B /* PollenViewController.m in Sources */,
				2893C17F1AFB157D008E5934 /* AppDelegate.m in Sources */,
				284F97721AFF3AF4000843F6 /* ZWIntroductionViewController.m in Sources */,
				283C5A5B1B01F9D70018F80B /* pinyin.c in Sources */,
				284F97881AFF3CB5000843F6 /* ChangePasswordViewController.m in Sources */,
				284F97891AFF3CB5000843F6 /* SignInViewController.m in Sources */,
				283C5A121B01902B0018F80B /* OptionPublic.m in Sources */,
				283C5A351B01AB260018F80B /* TheWorldViewController.m in Sources */,
				284F978A1AFF3CB5000843F6 /* SignUpViewController.m in Sources */,
				2893C17C1AFB157D008E5934 /* main.m in Sources */,
				283C5A3B1B01AB6F0018F80B /* PropViewController.m in Sources */,
				283C5A581B01F2E00018F80B /* ChineseString.m in Sources */,
			);
			runOnlyForDeploymentPostprocessing = 0;
		};
		2893C18B1AFB157D008E5934 /* Sources */ = {
			isa = PBXSourcesBuildPhase;
			buildActionMask = 2147483647;
			files = (
				2893C1961AFB157D008E5934 /* SeedTests.m in Sources */,
			);
			runOnlyForDeploymentPostprocessing = 0;
		};
/* End PBXSourcesBuildPhase section */

/* Begin PBXTargetDependency section */
		2893C1911AFB157D008E5934 /* PBXTargetDependency */ = {
			isa = PBXTargetDependency;
			target = 2893C1751AFB157D008E5934 /* Seed */;
			targetProxy = 2893C1901AFB157D008E5934 /* PBXContainerItemProxy */;
		};
/* End PBXTargetDependency section */

/* Begin PBXVariantGroup section */
		2893C1831AFB157D008E5934 /* Main.storyboard */ = {
			isa = PBXVariantGroup;
			children = (
				2893C1841AFB157D008E5934 /* Base */,
			);
			name = Main.storyboard;
			sourceTree = "<group>";
		};
		2893C1881AFB157D008E5934 /* LaunchScreen.xib */ = {
			isa = PBXVariantGroup;
			children = (
				2893C1891AFB157D008E5934 /* Base */,
			);
			name = LaunchScreen.xib;
			sourceTree = "<group>";
		};
/* End PBXVariantGroup section */

/* Begin XCBuildConfiguration section */
		2893C1971AFB157D008E5934 /* Debug */ = {
			isa = XCBuildConfiguration;
			buildSettings = {
				ALWAYS_SEARCH_USER_PATHS = NO;
				CLANG_CXX_LANGUAGE_STANDARD = "gnu++0x";
				CLANG_CXX_LIBRARY = "libc++";
				CLANG_ENABLE_MODULES = YES;
				CLANG_ENABLE_OBJC_ARC = YES;
				CLANG_WARN_BOOL_CONVERSION = YES;
				CLANG_WARN_CONSTANT_CONVERSION = YES;
				CLANG_WARN_DIRECT_OBJC_ISA_USAGE = YES_ERROR;
				CLANG_WARN_EMPTY_BODY = YES;
				CLANG_WARN_ENUM_CONVERSION = YES;
				CLANG_WARN_INT_CONVERSION = YES;
				CLANG_WARN_OBJC_ROOT_CLASS = YES_ERROR;
				CLANG_WARN_UNREACHABLE_CODE = YES;
				CLANG_WARN__DUPLICATE_METHOD_MATCH = YES;
				"CODE_SIGN_IDENTITY[sdk=iphoneos*]" = "iPhone Developer";
				COPY_PHASE_STRIP = NO;
				DEBUG_INFORMATION_FORMAT = "dwarf-with-dsym";
				ENABLE_STRICT_OBJC_MSGSEND = YES;
				GCC_C_LANGUAGE_STANDARD = gnu99;
				GCC_DYNAMIC_NO_PIC = NO;
				GCC_NO_COMMON_BLOCKS = YES;
				GCC_OPTIMIZATION_LEVEL = 0;
				GCC_PREPROCESSOR_DEFINITIONS = (
					"DEBUG=1",
					"$(inherited)",
				);
				GCC_SYMBOLS_PRIVATE_EXTERN = NO;
				GCC_WARN_64_TO_32_BIT_CONVERSION = YES;
				GCC_WARN_ABOUT_RETURN_TYPE = YES_ERROR;
				GCC_WARN_UNDECLARED_SELECTOR = YES;
				GCC_WARN_UNINITIALIZED_AUTOS = YES_AGGRESSIVE;
				GCC_WARN_UNUSED_FUNCTION = YES;
				GCC_WARN_UNUSED_VARIABLE = YES;
				IPHONEOS_DEPLOYMENT_TARGET = 8.4;
				MTL_ENABLE_DEBUG_INFO = YES;
				ONLY_ACTIVE_ARCH = YES;
				SDKROOT = iphoneos;
			};
			name = Debug;
		};
		2893C1981AFB157D008E5934 /* Release */ = {
			isa = XCBuildConfiguration;
			buildSettings = {
				ALWAYS_SEARCH_USER_PATHS = NO;
				CLANG_CXX_LANGUAGE_STANDARD = "gnu++0x";
				CLANG_CXX_LIBRARY = "libc++";
				CLANG_ENABLE_MODULES = YES;
				CLANG_ENABLE_OBJC_ARC = YES;
				CLANG_WARN_BOOL_CONVERSION = YES;
				CLANG_WARN_CONSTANT_CONVERSION = YES;
				CLANG_WARN_DIRECT_OBJC_ISA_USAGE = YES_ERROR;
				CLANG_WARN_EMPTY_BODY = YES;
				CLANG_WARN_ENUM_CONVERSION = YES;
				CLANG_WARN_INT_CONVERSION = YES;
				CLANG_WARN_OBJC_ROOT_CLASS = YES_ERROR;
				CLANG_WARN_UNREACHABLE_CODE = YES;
				CLANG_WARN__DUPLICATE_METHOD_MATCH = YES;
				"CODE_SIGN_IDENTITY[sdk=iphoneos*]" = "iPhone Developer";
				COPY_PHASE_STRIP = NO;
				DEBUG_INFORMATION_FORMAT = "dwarf-with-dsym";
				ENABLE_NS_ASSERTIONS = NO;
				ENABLE_STRICT_OBJC_MSGSEND = YES;
				GCC_C_LANGUAGE_STANDARD = gnu99;
				GCC_NO_COMMON_BLOCKS = YES;
				GCC_WARN_64_TO_32_BIT_CONVERSION = YES;
				GCC_WARN_ABOUT_RETURN_TYPE = YES_ERROR;
				GCC_WARN_UNDECLARED_SELECTOR = YES;
				GCC_WARN_UNINITIALIZED_AUTOS = YES_AGGRESSIVE;
				GCC_WARN_UNUSED_FUNCTION = YES;
				GCC_WARN_UNUSED_VARIABLE = YES;
				IPHONEOS_DEPLOYMENT_TARGET = 8.4;
				MTL_ENABLE_DEBUG_INFO = NO;
				SDKROOT = iphoneos;
				VALIDATE_PRODUCT = YES;
			};
			name = Release;
		};
		2893C19A1AFB157D008E5934 /* Debug */ = {
			isa = XCBuildConfiguration;
			baseConfigurationReference = 3FB4535B1BE85CC6D11B3AF1 /* Pods.debug.xcconfig */;
			buildSettings = {
				ASSETCATALOG_COMPILER_APPICON_NAME = AppIcon;
				GCC_PRECOMPILE_PREFIX_HEADER = YES;
				GCC_PREFIX_HEADER = "Seed/Seed-Prefix.pch";
				INFOPLIST_FILE = Seed/Info.plist;
				IPHONEOS_DEPLOYMENT_TARGET = 8.0;
				LD_RUNPATH_SEARCH_PATHS = "$(inherited) @executable_path/Frameworks";
				LIBRARY_SEARCH_PATHS = (
					"$(inherited)",
					"$(PROJECT_DIR)/weibo_ios_sdk/libWeiboSDK",
					"$(PROJECT_DIR)/weibo_ios_sdk/WeiboSDKDemo/libWeiboSDK",
					"$(PROJECT_DIR)$(LOCAL_LIBRARY_DIR)/weibo_ios_sdk/libWeiboSDK",
					"$(PROJECT_DIR)$(LOCAL_LIBRARY_DIR)/weibo_ios_sdk/WeiboSDKDemo/libWeiboSDK",
					"$(PROJECT_DIR)$(LOCAL_LIBRARY_DIR)/libWeiboSDK",
				);
				PRODUCT_NAME = "$(TARGET_NAME)";
			};
			name = Debug;
		};
		2893C19B1AFB157D008E5934 /* Release */ = {
			isa = XCBuildConfiguration;
			baseConfigurationReference = 3EEB634A79FBD2A3F93C38FA /* Pods.release.xcconfig */;
			buildSettings = {
				ASSETCATALOG_COMPILER_APPICON_NAME = AppIcon;
				GCC_PRECOMPILE_PREFIX_HEADER = YES;
				GCC_PREFIX_HEADER = "Seed/Seed-Prefix.pch";
				INFOPLIST_FILE = Seed/Info.plist;
				IPHONEOS_DEPLOYMENT_TARGET = 8.0;
				LD_RUNPATH_SEARCH_PATHS = "$(inherited) @executable_path/Frameworks";
				LIBRARY_SEARCH_PATHS = (
					"$(inherited)",
					"$(PROJECT_DIR)/weibo_ios_sdk/libWeiboSDK",
					"$(PROJECT_DIR)/weibo_ios_sdk/WeiboSDKDemo/libWeiboSDK",
					"$(PROJECT_DIR)$(LOCAL_LIBRARY_DIR)/weibo_ios_sdk/libWeiboSDK",
					"$(PROJECT_DIR)$(LOCAL_LIBRARY_DIR)/weibo_ios_sdk/WeiboSDKDemo/libWeiboSDK",
					"$(PROJECT_DIR)$(LOCAL_LIBRARY_DIR)/libWeiboSDK",
				);
				PRODUCT_NAME = "$(TARGET_NAME)";
			};
			name = Release;
		};
		2893C19D1AFB157D008E5934 /* Debug */ = {
			isa = XCBuildConfiguration;
			buildSettings = {
				BUNDLE_LOADER = "$(TEST_HOST)";
				FRAMEWORK_SEARCH_PATHS = (
					"$(SDKROOT)/Developer/Library/Frameworks",
					"$(inherited)",
				);
				GCC_PRECOMPILE_PREFIX_HEADER = NO;
				GCC_PREFIX_HEADER = "";
				GCC_PREPROCESSOR_DEFINITIONS = (
					"DEBUG=1",
					"$(inherited)",
				);
				INFOPLIST_FILE = SeedTests/Info.plist;
				IPHONEOS_DEPLOYMENT_TARGET = 8.0;
				LD_RUNPATH_SEARCH_PATHS = "$(inherited) @executable_path/Frameworks @loader_path/Frameworks";
				LIBRARY_SEARCH_PATHS = (
					"$(inherited)",
					"$(PROJECT_DIR)$(LOCAL_LIBRARY_DIR)/weibo_ios_sdk/libWeiboSDK",
				);
				ONLY_ACTIVE_ARCH = NO;
				OTHER_LDFLAGS = (
					"-all_load",
					"$(inherited)",
					"-framework",
					XCTest,
				);
				PRODUCT_NAME = "$(TARGET_NAME)";
				TEST_HOST = "$(BUILT_PRODUCTS_DIR)/Seed.app/Seed";
				VALID_ARCHS = "armv7 armv7s";
			};
			name = Debug;
		};
		2893C19E1AFB157D008E5934 /* Release */ = {
			isa = XCBuildConfiguration;
			buildSettings = {
				BUNDLE_LOADER = "$(TEST_HOST)";
				FRAMEWORK_SEARCH_PATHS = (
					"$(SDKROOT)/Developer/Library/Frameworks",
					"$(inherited)",
				);
				GCC_PRECOMPILE_PREFIX_HEADER = NO;
				GCC_PREFIX_HEADER = "";
				INFOPLIST_FILE = SeedTests/Info.plist;
				IPHONEOS_DEPLOYMENT_TARGET = 8.0;
				LD_RUNPATH_SEARCH_PATHS = "$(inherited) @executable_path/Frameworks @loader_path/Frameworks";
				LIBRARY_SEARCH_PATHS = (
					"$(inherited)",
					"$(PROJECT_DIR)$(LOCAL_LIBRARY_DIR)/weibo_ios_sdk/libWeiboSDK",
				);
				OTHER_LDFLAGS = (
					"-all_load",
					"$(inherited)",
					"-framework",
					XCTest,
				);
				PRODUCT_NAME = "$(TARGET_NAME)";
				TEST_HOST = "$(BUILT_PRODUCTS_DIR)/Seed.app/Seed";
				VALID_ARCHS = "armv7 armv7s";
			};
			name = Release;
		};
/* End XCBuildConfiguration section */

/* Begin XCConfigurationList section */
		2893C1711AFB157D008E5934 /* Build configuration list for PBXProject "Seed" */ = {
			isa = XCConfigurationList;
			buildConfigurations = (
				2893C1971AFB157D008E5934 /* Debug */,
				2893C1981AFB157D008E5934 /* Release */,
			);
			defaultConfigurationIsVisible = 0;
			defaultConfigurationName = Release;
		};
		2893C1991AFB157D008E5934 /* Build configuration list for PBXNativeTarget "Seed" */ = {
			isa = XCConfigurationList;
			buildConfigurations = (
				2893C19A1AFB157D008E5934 /* Debug */,
				2893C19B1AFB157D008E5934 /* Release */,
			);
			defaultConfigurationIsVisible = 0;
			defaultConfigurationName = Release;
		};
		2893C19C1AFB157D008E5934 /* Build configuration list for PBXNativeTarget "SeedTests" */ = {
			isa = XCConfigurationList;
			buildConfigurations = (
				2893C19D1AFB157D008E5934 /* Debug */,
				2893C19E1AFB157D008E5934 /* Release */,
			);
			defaultConfigurationIsVisible = 0;
			defaultConfigurationName = Release;
		};
/* End XCConfigurationList section */
	};
	rootObject = 2893C16E1AFB157D008E5934 /* Project object */;
}
